lockfileVersion: '9.0'

settings:
  autoInstallPeers: true
  excludeLinksFromLockfile: false

importers:

  .:
    dependencies:
      voyageai-sdk-v0:
        specifier: npm:voyageai@0.2.1
        version: voyageai@0.2.1
      voyageai-sdk-v0-latest:
        specifier: npm:voyageai@0.4.0
        version: voyageai@0.4.0

packages:

  node-fetch@2.7.0:
    resolution: {integrity: sha512-c4FRfUm/dbcWZ7U+1Wq0AwCyFL+3nt2bEw05wfxSz+DWpWsitgmSgYmy2dQdWyKC1694ELPqMs/YzUSNozLt8A==}
    engines: {node: 4.x || >=6.0.0}
    peerDependencies:
      encoding: ^0.1.0
    peerDependenciesMeta:
      encoding:
        optional: true

  tr46@0.0.3:
    resolution: {integrity: sha512-N3WMsuqV66lT30CrXNbEjx4GEwlow3v6rr4mCcv6prnfwhS01rkgyFdjPNBYd9br7LpXV1+Emh01fHnq2Gdgrw==}

  voyageai@0.2.1:
    resolution: {integrity: sha512-ym7Dk6p8Si6lR9wDh58EzxwT0ziD/pqXjzzzceOSySO3Ic3uosHZLOTAsb3Gq+1OaKdEMnni/p8TohKUNvLTkg==}
    engines: {node: '>=18.0.0'}
    peerDependencies:
      '@huggingface/transformers': ^3.8.0
      onnxruntime-node: '>=1.17.0'
    peerDependenciesMeta:
      '@huggingface/transformers':
        optional: true
      onnxruntime-node:
        optional: true

  voyageai@0.4.0:
    resolution: {integrity: sha512-RCWGknFqwbZORdRo7dHwBuZYeO64TnE+G30Qv4IGxq5jkMa2uK+eqMbOv/DhszcFUtE1iZjb4LqO9G/hj2EjxA==}
    engines: {node: '>=18.0.0'}
    peerDependencies:
      '@huggingface/transformers': ^3.8.0
      onnxruntime-node: '>=1.17.0'
    peerDependenciesMeta:
      '@huggingface/transformers':
        optional: true
      onnxruntime-node:
        optional: true

  webidl-conversions@3.0.1:
    resolution: {integrity: sha512-2JAn3z8AR6rjK8Sm8orRC0h/bcl/DqL7tRPdGZ4I1CjdF+EaMLmYxBHyXuKL849eucPFhvBoxMsflfOb8kxaeQ==}

  whatwg-url@5.0.0:
    resolution: {integrity: sha512-saE57nupxk6v3HY35+jzBwYa0rKSy0XR8JSxZPwgLr7ys0IBzhGviA1/TUGJLmSVqs8pb9AnvICXEuOHLprYTw==}

snapshots:

  node-fetch@2.7.0:
    dependencies:
      whatwg-url: 5.0.0

  tr46@0.0.3: {}

  voyageai@0.2.1:
    dependencies:
      node-fetch: 2.7.0
    transitivePeerDependencies:
      - encoding

  voyageai@0.4.0:
    dependencies:
      node-fetch: 2.7.0
    transitivePeerDependencies:
      - encoding

  webidl-conversions@3.0.1: {}

  whatwg-url@5.0.0:
    dependencies:
      tr46: 0.0.3
      webidl-conversions: 3.0.1
