lockfileVersion: '9.0'

settings:
  autoInstallPeers: true
  excludeLinksFromLockfile: false

overrides:
  '@github/copilot@<1.0.43': ^1.0.43

importers:

  .:
    dependencies:
      github-copilot-sdk-v0-latest:
        specifier: npm:@github/copilot-sdk@0.3.0
        version: '@github/copilot-sdk@0.3.0'
      github-copilot-sdk-v0:
        specifier: npm:@github/copilot-sdk@0.3.0
        version: '@github/copilot-sdk@0.3.0'
      vscode-jsonrpc:
        specifier: 8.2.1
        version: 8.2.1

packages:

  '@github/copilot-darwin-arm64@1.0.54':
    resolution: {integrity: sha512-ZRiKkxCvDccdGSNB/gmge4UkqMsWWZNIOr0pcim4/x2YUdHbh9cex9RZRjEMXijtUkBTzW5DP/cACuoAqTCyEg==}
    cpu: [arm64]
    os: [darwin]
    hasBin: true

  '@github/copilot-darwin-x64@1.0.54':
    resolution: {integrity: sha512-DGqs8x5r4y+SebMco890lNsPrqe6L4v2hCmV1IQ1pvYPvD1o1NMVSZPAQhkdvUeR5bqusOg8+0ugIZOQGTFpFQ==}
    cpu: [x64]
    os: [darwin]
    hasBin: true

  '@github/copilot-linux-arm64@1.0.54':
    resolution: {integrity: sha512-waVKu6RuG8YBvCoGrOgtsOxmnfLaUywvbqZXRgvMya1m4akRkMi5r9B2UDr3+egjChp+FIUJVbGIoXN6ZST0rQ==}
    cpu: [arm64]
    os: [linux]
    libc: [glibc]
    hasBin: true

  '@github/copilot-linux-x64@1.0.54':
    resolution: {integrity: sha512-u/ltZa+HDIuhMivkIwkkuylRdEMk5Lp0XjE9w/OityW+BPKjZ+VKAmJ1/1Xm/uUx1IUlZaE3TJnka52wVNOD0A==}
    cpu: [x64]
    os: [linux]
    libc: [glibc]
    hasBin: true

  '@github/copilot-linuxmusl-arm64@1.0.54':
    resolution: {integrity: sha512-21LLjoQnD57Y1fvO56G1FGVbkt/ffZNDpHqVe2NW7C4r78Gn0hOTqwp+xWRUMpdmxrGZyKeFjX8jK6qox2uF5w==}
    cpu: [arm64]
    os: [linux]
    libc: [musl]
    hasBin: true

  '@github/copilot-linuxmusl-x64@1.0.54':
    resolution: {integrity: sha512-sbeATKa9vaIetsY1vhQJO0PN/5FgoK48wkGBWCy4BpO8ER/kGYczT22qv6n96gBYrVmC2IZuTFTM4GFpC3bbBw==}
    cpu: [x64]
    os: [linux]
    libc: [musl]
    hasBin: true

  '@github/copilot-sdk@0.3.0':
    resolution: {integrity: sha512-SUo35k56pzzgYgwmDPHcu7kZxPrzXbH66IWXaEf6pmb94DlA709F82HrrDeja087TL4djJ9OuvRFWWOKCosAsg==}
    engines: {node: '>=20.0.0'}

  '@github/copilot-win32-arm64@1.0.54':
    resolution: {integrity: sha512-muOX8qrJSi56BWQejkH0TgXpZYRO8Y9k1qIfMuRojZyLyATn1P4lIKb67ZqDCXJLkcPfVJ5eJYsSAeGwU3Qpww==}
    cpu: [arm64]
    os: [win32]
    hasBin: true

  '@github/copilot-win32-x64@1.0.54':
    resolution: {integrity: sha512-BheXmqrYFmfRXA0iveKkjKks/2wgK5glrEOARomzy3JCbvVMSPIE8YeK+3YysiOh2SUkWjahwJc09cxaBq4+qQ==}
    cpu: [x64]
    os: [win32]
    hasBin: true

  '@github/copilot@1.0.54':
    resolution: {integrity: sha512-gxiWEQFWxJ3J2Rh67CxKEfER/zayB1z2qaSBUz3RZ0u1iDNJdGPry/1vOQ72X/yHmpGNm+9egucN5VMzyedsIg==}
    hasBin: true

  detect-libc@2.1.2:
    resolution: {integrity: sha512-Btj2BOOO83o3WyH59e8MgXsxEQVcarkUOpEYrubB0urwnN10yQ364rsiByU11nZlqWYZm05i/of7io4mzihBtQ==}
    engines: {node: '>=8'}

  vscode-jsonrpc@8.2.1:
    resolution: {integrity: sha512-kdjOSJ2lLIn7r1rtrMbbNCHjyMPfRnowdKjBQ+mGq6NAW5QY2bEZC/khaC5OR8svbbjvLEaIXkOq45e2X9BIbQ==}
    engines: {node: '>=14.0.0'}

  zod@4.4.3:
    resolution: {integrity: sha512-ytENFjIJFl2UwYglde2jchW2Hwm4GJFLDiSXWdTrJQBIN9Fcyp7n4DhxJEiWNAJMV1/BqWfW/kkg71UDcHJyTQ==}

snapshots:

  '@github/copilot-darwin-arm64@1.0.54':
    optional: true

  '@github/copilot-darwin-x64@1.0.54':
    optional: true

  '@github/copilot-linux-arm64@1.0.54':
    optional: true

  '@github/copilot-linux-x64@1.0.54':
    optional: true

  '@github/copilot-linuxmusl-arm64@1.0.54':
    optional: true

  '@github/copilot-linuxmusl-x64@1.0.54':
    optional: true

  '@github/copilot-sdk@0.3.0':
    dependencies:
      '@github/copilot': 1.0.54
      vscode-jsonrpc: 8.2.1
      zod: 4.4.3

  '@github/copilot-win32-arm64@1.0.54':
    optional: true

  '@github/copilot-win32-x64@1.0.54':
    optional: true

  '@github/copilot@1.0.54':
    dependencies:
      detect-libc: 2.1.2
    optionalDependencies:
      '@github/copilot-darwin-arm64': 1.0.54
      '@github/copilot-darwin-x64': 1.0.54
      '@github/copilot-linux-arm64': 1.0.54
      '@github/copilot-linux-x64': 1.0.54
      '@github/copilot-linuxmusl-arm64': 1.0.54
      '@github/copilot-linuxmusl-x64': 1.0.54
      '@github/copilot-win32-arm64': 1.0.54
      '@github/copilot-win32-x64': 1.0.54

  detect-libc@2.1.2: {}

  vscode-jsonrpc@8.2.1: {}

  zod@4.4.3: {}
