lockfileVersion: '9.0'

settings:
  autoInstallPeers: true
  excludeLinksFromLockfile: false

importers:

  .:
    dependencies:
      '@github/copilot-sdk':
        specifier: 0.3.0
        version: 0.3.0

packages:

  '@github/copilot-sdk@0.3.0':
    resolution: {integrity: sha512-SUo35k56pzzgYgwmDPHcu7kZxPrzXbH66IWXaEf6pmb94DlA709F82HrrDeja087TL4djJ9OuvRFWWOKCosAsg==}

snapshots:

  '@github/copilot-sdk@0.3.0': {}
