lockfileVersion: '9.0'

settings:
  autoInstallPeers: true
  excludeLinksFromLockfile: false

importers:

  .:
    dependencies:
      openai-agents-api-v7:
        specifier: npm:openai@7.15.0
        version: openai@7.15.0
      openai-agents-api-v7-latest:
        specifier: npm:openai@7.15.0
        version: openai@7.15.0

packages:

  openai@7.15.0:
    resolution: {integrity: sha512-2DIwesnPSduw68MFx7nAdgvshrgvS8WOan5W8+tgUMlAy/tY+Q41g80Pa+w/v64rHA6rtn+dketa8QvMVxU96w==}
    engines: {node: '>=22.0.0'}
    peerDependencies:
      '@aws-sdk/credential-provider-node': '>=3.972.0 <4'
      '@smithy/hash-node': '>=4.3.0 <5'
      '@smithy/signature-v4': '>=5.4.0 <6'
      undici: '>=5 <9'
      ws: ^8.21.0
      zod: ^3.25 || ^4.0
    peerDependenciesMeta:
      '@aws-sdk/credential-provider-node':
        optional: true
      '@smithy/hash-node':
        optional: true
      '@smithy/signature-v4':
        optional: true
      undici:
        optional: true
      ws:
        optional: true
      zod:
        optional: true

snapshots:

  openai@7.15.0: {}
