lockfileVersion: '9.0'

settings:
  autoInstallPeers: true
  excludeLinksFromLockfile: false

overrides:
  fast-xml-builder@<1.1.7: ^1.1.7
  qs@>=6.7.0 <6.15.2: ^6.15.2

importers:

  .:
    dependencies:
      cohere-sdk-v7:
        specifier: npm:cohere-ai@7.21.0
        version: cohere-ai@7.21.0
      cohere-sdk-v7-14-0:
        specifier: npm:cohere-ai@7.14.0
        version: cohere-ai@7.14.0
      cohere-sdk-v7-20-0:
        specifier: npm:cohere-ai@7.20.0
        version: cohere-ai@7.20.0
      cohere-sdk-v7-21-0:
        specifier: npm:cohere-ai@7.21.0
        version: cohere-ai@7.21.0
      cohere-sdk-v8:
        specifier: npm:cohere-ai@8.0.0
        version: cohere-ai@8.0.0(@aws-crypto/sha256-js@5.2.0)(@aws-sdk/credential-providers@3.1054.0)(@smithy/protocol-http@5.4.4)(@smithy/signature-v4@5.4.4)

packages:

  '@aws-crypto/crc32@3.0.0':
    resolution: {integrity: sha512-IzSgsrxUcsrejQbPVilIKy16kAT52EwB6zSaI+M3xxIhKh5+aldEyvI+z6erM7TCLB2BJsFrtHjp6/4/sr+3dA==}

  '@aws-crypto/crc32@5.2.0':
    resolution: {integrity: sha512-nLbCWqQNgUiwwtFsen1AdzAtvuLRsQS8rYgMuxCrdKf9kOssamGLuPwyTY9wyYblNr9+1XM8v6zoDTPPSIeANg==}
    engines: {node: '>=16.0.0'}

  '@aws-crypto/sha256-browser@5.2.0':
    resolution: {integrity: sha512-AXfN/lGotSQwu6HNcEsIASo7kWXZ5HYWvfOmSNKDsEqC4OashTp8alTmaz+F7TC2L083SFv5RdB+qU3Vs1kZqw==}

  '@aws-crypto/sha256-js@5.2.0':
    resolution: {integrity: sha512-FFQQyu7edu4ufvIZ+OadFpHHOt+eSTBaYaki44c+akjg7qZg9oOQeLlk77F6tSYqjDAFClrHJk9tMf0HdVyOvA==}
    engines: {node: '>=16.0.0'}

  '@aws-crypto/supports-web-crypto@5.2.0':
    resolution: {integrity: sha512-iAvUotm021kM33eCdNfwIN//F77/IADDSs58i+MDaOqFrVjZo9bAal0NK7HurRuWLLpF1iLX7gbWrjHjeo+YFg==}

  '@aws-crypto/util@3.0.0':
    resolution: {integrity: sha512-2OJlpeJpCR48CC8r+uKVChzs9Iungj9wkZrl8Z041DWEWvyIHILYKCPNzJghKsivj+S3mLo6BVc7mBNzdxA46w==}

  '@aws-crypto/util@5.2.0':
    resolution: {integrity: sha512-4RkU9EsI6ZpBve5fseQlGNUWKMa1RLPQ1dnjnQoe07ldfIzcsGb5hC5W0Dm7u423KWzawlrpbjXBrXCEv9zazQ==}

  '@aws-sdk/client-cognito-identity@3.1054.0':
    resolution: {integrity: sha512-B3R1BnF9MtyAyIhI875geixK4SJ1dXwWjf8McBMyMkctaXdvGx5O4YD7MPxGPtbmExrW4tDp6h4wQbDJDLZumw==}
    engines: {node: '>=20.0.0'}

  '@aws-sdk/client-sagemaker@3.1054.0':
    resolution: {integrity: sha512-w8N6X1nki89KFFEiTnj/hj5ZMqQAx7WKj1izmwZNs+qfz3yTyPppImh1bCIB7K4Bj8B103wIixzxjJsoEIE/XQ==}
    engines: {node: '>=20.0.0'}

  '@aws-sdk/core@3.974.14':
    resolution: {integrity: sha512-ppamm04uoj3hhNO5IlQSs5D6rWX1fWkzcn6a4pZrojk8Y6ObY9wzLDdT/Eq3gv6O9hOebi9tYTNB8b8fQj9XJw==}
    engines: {node: '>=20.0.0'}

  '@aws-sdk/credential-provider-cognito-identity@3.972.37':
    resolution: {integrity: sha512-f8ZRPoATqSVS1LW19KwiWn2/BSTdylXPznAjDI2r7d3+RT880/yRT9uBQhPE+Ba986LiMRvg1AhmFYDwNLk/0A==}
    engines: {node: '>=20.0.0'}

  '@aws-sdk/credential-provider-env@3.972.40':
    resolution: {integrity: sha512-jjT0p0Y7KZtcvExYiPCLJnqM9lkXDV1KBEg/13OE2DXv/9batzlyJHVKUEnRNJccY0O2Sul17E1su38CgdBhGQ==}
    engines: {node: '>=20.0.0'}

  '@aws-sdk/credential-provider-http@3.972.42':
    resolution: {integrity: sha512-+3fsKtWybe5BjKEUA3/07oh7Ayfd82IED2+gyyaVfS/4PU78E3TaOQxSGOJ1t7Imefoidw/ne9QA7apX8wEnJg==}
    engines: {node: '>=20.0.0'}

  '@aws-sdk/credential-provider-ini@3.972.44':
    resolution: {integrity: sha512-gZFw5wBefCIPg9vpT+gV5FdhfNKhYTVDZa1IsZCcn3SRoYUOJ/E05vwIogkJoonqBL0ttBGi5vhthX7xceekRg==}
    engines: {node: '>=20.0.0'}

  '@aws-sdk/credential-provider-login@3.972.44':
    resolution: {integrity: sha512-QqEGHfQeZgUDqh7zpqHufrZ8T644ELEWvB+4gUdewLyRw4IRF+6CJqeQuRWqucZdQzoQeMh7fNAD9BWxFAdNig==}
    engines: {node: '>=20.0.0'}

  '@aws-sdk/credential-provider-node@3.972.45':
    resolution: {integrity: sha512-3YCv52ExXIRz3LAVNysevd+s7akSpg9dl39v9LJ7dOQH+s5rHi3jMZYQyxwMmglxQGMuzYRfQ0o1VSP2UOlIRw==}
    engines: {node: '>=20.0.0'}

  '@aws-sdk/credential-provider-process@3.972.40':
    resolution: {integrity: sha512-cXaozlgJCOwmE6D7x4npcPdyk7kiFZdrGjN3D6tXXtItJJMNGPafDfAJn4YQmciMooG/X+b0Y6RTqdVVMx26jg==}
    engines: {node: '>=20.0.0'}

  '@aws-sdk/credential-provider-sso@3.972.44':
    resolution: {integrity: sha512-YePoj5kQuPmE0MHnyftXCfsO8ZSBd2kDr50XEIUrdejSbGFlayYvUuCohdb8drhGhPm6b65o7H1eC26EZhwUvA==}
    engines: {node: '>=20.0.0'}

  '@aws-sdk/credential-provider-web-identity@3.972.44':
    resolution: {integrity: sha512-Ys/JJe++8Z2Y5meR1taMBaVcrGBA0/XsVTQR+qOKZbdNyg+8Jlv5rYZSwh8SqEHY00goSOZy7PHzZ2rLNQxDLg==}
    engines: {node: '>=20.0.0'}

  '@aws-sdk/credential-providers@3.1054.0':
    resolution: {integrity: sha512-/tK0QmOL1vUqOgqRMLTJlvHRAp+7GTfdPgrfgD5T0WBmExdlaFsVwzR7mUQlmYoY8mExqoRH4UEt2I3snsMLrg==}
    engines: {node: '>=20.0.0'}

  '@aws-sdk/nested-clients@3.997.12':
    resolution: {integrity: sha512-Js2VYaCM269feB0cs0cGmlIhdOgT9aMqzdBx68lCy6kVCYfzr0T36ovUFDvfUmatkuBeyBJhCwaLBh7P8meH5Q==}
    engines: {node: '>=20.0.0'}

  '@aws-sdk/protocol-http@3.374.0':
    resolution: {integrity: sha512-9WpRUbINdGroV3HiZZIBoJvL2ndoWk39OfwxWs2otxByppJZNN14bg/lvCx5e8ggHUti7IBk5rb0nqQZ4m05pg==}
    engines: {node: '>=14.0.0'}
    deprecated: This package has moved to @smithy/protocol-http

  '@aws-sdk/signature-v4-multi-region@3.996.29':
    resolution: {integrity: sha512-Few9FoQqOt/0KSvZYP+qdW0dfOhfQ9N+gl2UUDvCPW6mkPKHli9LMbKxWj+wZ5zKPaOoqxuR3Hhy3OTpndkfSw==}
    engines: {node: '>=20.0.0'}

  '@aws-sdk/signature-v4@3.374.0':
    resolution: {integrity: sha512-2xLJvSdzcZZAg0lsDLUAuSQuihzK0dcxIK7WmfuJeF7DGKJFmp9czQmz5f3qiDz6IDQzvgK1M9vtJSVCslJbyQ==}
    engines: {node: '>=14.0.0'}
    deprecated: This package has moved to @smithy/signature-v4

  '@aws-sdk/token-providers@3.1054.0':
    resolution: {integrity: sha512-hG9YKApmZOw+drJ9Nuoaf/OvC8e5W1+3eoLeN5p2uVCZRWsv27teIS0b4kiH6Sfv3WMmamqYJxmE2WMwyp/L/A==}
    engines: {node: '>=20.0.0'}

  '@aws-sdk/types@3.973.9':
    resolution: {integrity: sha512-kuBfgQVdcz5Bmapc4A13YbpVw/pXkesfhetcFYwbntqas8sF41OHyd4o28+/TG2ZQdHBsv90Lsu5y6oitvYCdg==}
    engines: {node: '>=20.0.0'}

  '@aws-sdk/util-locate-window@3.965.5':
    resolution: {integrity: sha512-WhlJNNINQB+9qtLtZJcpQdgZw3SCDCpXdUJP7cToGwHbCWCnRckGlc6Bx/OhWwIYFNAn+FIydY8SZ0QmVu3xTQ==}
    engines: {node: '>=20.0.0'}

  '@aws-sdk/util-utf8-browser@3.259.0':
    resolution: {integrity: sha512-UvFa/vR+e19XookZF8RzFZBrw2EUkQWxiBW0yYQAhvk3C+QVGl0H3ouca8LDBlBfQKXwmW3huo/59H8rwb1wJw==}

  '@aws-sdk/xml-builder@3.972.26':
    resolution: {integrity: sha512-cDbrqvDS73whl6YAPSPq0U6whzG6UWI9PuWh0wrUuGoZexhWEqhdunbukV7iBoaWnFV1AODutM5hOD6rtn439g==}
    engines: {node: '>=20.0.0'}

  '@aws/lambda-invoke-store@0.2.4':
    resolution: {integrity: sha512-iY8yvjE0y651BixKNPgmv1WrQc+GZ142sb0z4gYnChDDY2YqI4P/jsSopBWrKfAt7LOJAkOXt7rC/hms+WclQQ==}
    engines: {node: '>=18.0.0'}

  '@nodable/entities@2.1.0':
    resolution: {integrity: sha512-nyT7T3nbMyBI/lvr6L5TyWbFJAI9FTgVRakNoBqCD+PmID8DzFrrNdLLtHMwMszOtqZa8PAOV24ZqDnQrhQINA==}

  '@smithy/core@3.24.4':
    resolution: {integrity: sha512-3UNRKEyQyAgVgM0LGlerCLm+ChZWZ1GPfde+jBEW6bm6bSBGU1p0EbblaUV3unbhwvidjLA5Zs3sOs7mnZwvAw==}
    engines: {node: '>=18.0.0'}

  '@smithy/credential-provider-imds@4.3.4':
    resolution: {integrity: sha512-vKW0MEFRU4Y3MkVZUkpJm+g9qyPGLCXhc0YLggUdSdBB4g7IaSSsCE75P9rBXyWHrXY1UYSQUl8/DwsTR7QciA==}
    engines: {node: '>=18.0.0'}

  '@smithy/eventstream-codec@1.1.0':
    resolution: {integrity: sha512-3tEbUb8t8an226jKB6V/Q2XU/J53lCwCzULuBPEaF4JjSh+FlCMp7TmogE/Aij5J9DwlsZ4VAD/IRDuQ/0ZtMw==}

  '@smithy/fetch-http-handler@5.4.4':
    resolution: {integrity: sha512-qM7AUKI4G6d7lNgaZD3lA1tWSolh5r6gcixfTZAPstVURfjIbvreVTPz+994M0yC3HbX4YYhDRgr31Xy3XwWOQ==}
    engines: {node: '>=18.0.0'}

  '@smithy/is-array-buffer@1.1.0':
    resolution: {integrity: sha512-twpQ/n+3OWZJ7Z+xu43MJErmhB/WO/mMTnqR6PwWQShvSJ/emx5d1N59LQZk6ZpTAeuRWrc+eHhkzTp9NFjNRQ==}
    engines: {node: '>=14.0.0'}

  '@smithy/is-array-buffer@2.2.0':
    resolution: {integrity: sha512-GGP3O9QFD24uGeAXYUjwSTXARoqpZykHadOmA8G5vfJPK0/DC67qa//0qvqrJzL1xc8WQWX7/yc7fwudjPHPhA==}
    engines: {node: '>=14.0.0'}

  '@smithy/node-http-handler@4.7.4':
    resolution: {integrity: sha512-HIeF+1vrDGzPkkv39Hj2vlHSXHY3p958jd/8ZnePIY6+ZOsQX8coyEUKO5yQu4r0bQIVsbpotVIrXXwyycMStQ==}
    engines: {node: '>=18.0.0'}

  '@smithy/protocol-http@1.2.0':
    resolution: {integrity: sha512-GfGfruksi3nXdFok5RhgtOnWe5f6BndzYfmEXISD+5gAGdayFGpjWu5pIqIweTudMtse20bGbc+7MFZXT1Tb8Q==}
    engines: {node: '>=14.0.0'}

  '@smithy/protocol-http@5.4.4':
    resolution: {integrity: sha512-5VdJYIYsVt2GT+i0fp5gvWoJNrdFEFN16TrpNnAZHngYC/xgk5yni6O/qV3WlIpJjeLC8RfwoQiNTljCdbNXgw==}
    engines: {node: '>=18.0.0'}

  '@smithy/signature-v4@1.1.0':
    resolution: {integrity: sha512-fDo3m7YqXBs7neciOePPd/X9LPm5QLlDMdIC4m1H6dgNLnXfLMFNIxEfPyohGA8VW9Wn4X8lygnPSGxDZSmp0Q==}
    engines: {node: '>=14.0.0'}

  '@smithy/signature-v4@5.4.4':
    resolution: {integrity: sha512-e5UtkMvsatzBfbeBZjEOt0k0Z3BEsjTFL/n6fdO5vtBLe67tdy0dX7xw2DU7uZ3acwoHyeCqpU2Fzb7pxwHb6Q==}
    engines: {node: '>=18.0.0'}

  '@smithy/types@1.2.0':
    resolution: {integrity: sha512-z1r00TvBqF3dh4aHhya7nz1HhvCg4TRmw51fjMrh5do3h+ngSstt/yKlNbHeb9QxJmFbmN8KEVSWgb1bRvfEoA==}
    engines: {node: '>=14.0.0'}

  '@smithy/types@4.14.2':
    resolution: {integrity: sha512-P+otAxbV4CqBybp7EkcJCrig63yE2E7PuNVOmilVMRcx/O+QDzGULTrKsq4DV13gSfak9ObPrWaHl/9bL5YcWw==}
    engines: {node: '>=18.0.0'}

  '@smithy/util-buffer-from@1.1.0':
    resolution: {integrity: sha512-9m6NXE0ww+ra5HKHCHig20T+FAwxBAm7DIdwc/767uGWbRcY720ybgPacQNB96JMOI7xVr/CDa3oMzKmW4a+kw==}
    engines: {node: '>=14.0.0'}

  '@smithy/util-buffer-from@2.2.0':
    resolution: {integrity: sha512-IJdWBbTcMQ6DA0gdNhh/BwrLkDR+ADW5Kr1aZmd4k3DIF6ezMV4R2NIAmT08wQJ3yUK82thHWmC/TnK/wpMMIA==}
    engines: {node: '>=14.0.0'}

  '@smithy/util-hex-encoding@1.1.0':
    resolution: {integrity: sha512-7UtIE9eH0u41zpB60Jzr0oNCQ3hMJUabMcKRUVjmyHTXiWDE4vjSqN6qlih7rCNeKGbioS7f/y2Jgym4QZcKFg==}
    engines: {node: '>=14.0.0'}

  '@smithy/util-middleware@1.1.0':
    resolution: {integrity: sha512-6hhckcBqVgjWAqLy2vqlPZ3rfxLDhFWEmM7oLh2POGvsi7j0tHkbN7w4DFhuBExVJAbJ/qqxqZdRY6Fu7/OezQ==}
    engines: {node: '>=14.0.0'}

  '@smithy/util-uri-escape@1.1.0':
    resolution: {integrity: sha512-/jL/V1xdVRt5XppwiaEU8Etp5WHZj609n0xMTuehmCqdoOFbId1M+aEeDWZsQ+8JbEB/BJ6ynY2SlYmOaKtt8w==}
    engines: {node: '>=14.0.0'}

  '@smithy/util-utf8@1.1.0':
    resolution: {integrity: sha512-p/MYV+JmqmPyjdgyN2UxAeYDj9cBqCjp0C/NsTWnnjoZUVqoeZ6IrW915L9CAKWVECgv9lVQGc4u/yz26/bI1A==}
    engines: {node: '>=14.0.0'}

  '@smithy/util-utf8@2.3.0':
    resolution: {integrity: sha512-R8Rdn8Hy72KKcebgLiv8jQcQkXoLMOGGv5uI1/k0l+snqkOzQ1R0ChUBCxWMlBsFMekWjq0wRudIweFs7sKT5A==}
    engines: {node: '>=14.0.0'}

  abort-controller@3.0.0:
    resolution: {integrity: sha512-h8lQ8tacZYnR3vNQTgibj+tODHI5/+l06Au2Pcriv/Gmet0eaj4TwWH41sO9wnHDiQsEj19q0drzdWdeAHtweg==}
    engines: {node: '>=6.5'}

  asynckit@0.4.0:
    resolution: {integrity: sha512-Oei9OH4tRh0YqU3GxhX79dM/mwVgvbZJaSNaRk+bshkj0S5cfHcgYakreBjrHwatXKbz+IoIdYLxrKim2MjW0Q==}

  base64-js@1.5.1:
    resolution: {integrity: sha512-AKpaYlHn8t4SVbOHCy+b5+KKgvR4vrsD8vbvrbiQJps7fKDTkjkDry6ji0rUJjC0kzbNePLwzxq8iypo41qeWA==}

  bowser@2.14.1:
    resolution: {integrity: sha512-tzPjzCxygAKWFOJP011oxFHs57HzIhOEracIgAePE4pqB3LikALKnSzUyU4MGs9/iCEUuHlAJTjTc5M+u7YEGg==}

  buffer@6.0.3:
    resolution: {integrity: sha512-FTiCpNxtwiZZHEZbcbTIcZjERVICn9yq/pDFkTl95/AxzD1naBctN7YO68riM/gLSDY7sdrMby8hofADYuuqOA==}

  call-bind-apply-helpers@1.0.2:
    resolution: {integrity: sha512-Sp1ablJ0ivDkSzjcaJdxEunN5/XvksFJ2sMBFfq6x0ryhQV/2b/KwFe21cMpmHtPOSij8K99/wSfoEuTObmuMQ==}
    engines: {node: '>= 0.4'}

  call-bound@1.0.4:
    resolution: {integrity: sha512-+ys997U96po4Kx/ABpBCqhA9EuxJaQWDQg7295H4hBphv3IZg0boBKuwYpt4YXp6MZ5AmZQnU/tyMTlRpaSejg==}
    engines: {node: '>= 0.4'}

  cohere-ai@7.14.0:
    resolution: {integrity: sha512-hSo2/tFV29whjFFtVtdS7kHmtUsjfMO1sgwE/d5bhOE4O7Vkj5G1R9lLIqkIprp/+rrvCq3HGvEaOgry7xRcDA==}

  cohere-ai@7.20.0:
    resolution: {integrity: sha512-h/3h3pcLXRUmkzp/W+/FWViEMcAFtSZ8YayCTFQXpib112uNSj3feApOtJg7v9lreWR1t7gznhE6N9KNCX5FOA==}
    engines: {node: '>=18.0.0'}

  cohere-ai@7.21.0:
    resolution: {integrity: sha512-AouvBkDho9gnEAnk5oY99p/VHfjP6AkDhZLv/tyB2TIFm7IEd6QQl00jaqBtAbOZnMT297Scq3pkqOUCTr886A==}
    engines: {node: '>=18.0.0'}

  cohere-ai@8.0.0:
    resolution: {integrity: sha512-j6gHcQfdK/r9i3e7FM6NtWx8OR270E/PyEyDEVQeeJT212bSJbWvWFfIg7WAPOUMHatDbxOFYP2aKKWnj8zSYA==}
    engines: {node: '>=18.0.0'}
    peerDependencies:
      '@aws-crypto/sha256-js': ^5.2.0
      '@aws-sdk/credential-providers': ^3.583.0
      '@smithy/protocol-http': ^5.1.2
      '@smithy/signature-v4': ^5.1.2
    peerDependenciesMeta:
      '@aws-crypto/sha256-js':
        optional: true
      '@aws-sdk/credential-providers':
        optional: true
      '@smithy/protocol-http':
        optional: true
      '@smithy/signature-v4':
        optional: true

  combined-stream@1.0.8:
    resolution: {integrity: sha512-FQN4MRfuJeHf7cBbBMJFXhKSDq+2kAArBlmRBvcvFE5BB1HZKXtSFASDhdlz9zOYwxh8lDdnvmMOe/+5cdoEdg==}
    engines: {node: '>= 0.8'}

  convict@6.2.5:
    resolution: {integrity: sha512-JtXpxqDqJ8P0UwEHwhxLzCIXQy97vlYBZR222Sbzb1q1Erex9ASrztJ29SyhWFQjod1AeFBaPzEEC8YvtZMIYg==}
    engines: {node: '>=6'}

  delayed-stream@1.0.0:
    resolution: {integrity: sha512-ZySD7Nf91aLB0RxL4KGrKHBXl7Eds1DAmEdcoVawXnLD7SDhpNgtuII2aAkg7a7QS41jxPSZ17p4VdGnMHk3MQ==}
    engines: {node: '>=0.4.0'}

  dunder-proto@1.0.1:
    resolution: {integrity: sha512-KIN/nDJBQRcXw0MLVhZE9iQHmG68qAVIBg9CqmUYjmQIhgij9U5MFvrqkUL5FbtyyzZuOeOt0zdeRe4UY7ct+A==}
    engines: {node: '>= 0.4'}

  es-define-property@1.0.1:
    resolution: {integrity: sha512-e3nRfgfUZ4rNGL232gUgX06QNyyez04KdjFrF+LTRoOXmrOgFKDg4BCdsjW8EnT69eqdYGmRpJwiPVYNrCaW3g==}
    engines: {node: '>= 0.4'}

  es-errors@1.3.0:
    resolution: {integrity: sha512-Zf5H2Kxt2xjTvbJvP2ZWLEICxA6j+hAmMzIlypy4xcBg1vKVnx89Wy0GbS+kf5cwCVFFzdCFh2XSCFNULS6csw==}
    engines: {node: '>= 0.4'}

  es-object-atoms@1.1.2:
    resolution: {integrity: sha512-HWcBoN6NileqtSydK2FqHbS/LoDd2pqrnQHLyJzBj4kOp/ky2MWMN694xOfkK8/SnUsW2DH7EfyVlydKCsm1Zw==}
    engines: {node: '>= 0.4'}

  es-set-tostringtag@2.1.0:
    resolution: {integrity: sha512-j6vWzfrGVfyXxge+O0x5sh6cvxAog0a/4Rdd2K36zCMV5eJ+/+tOAngRO8cODMNWbVRdVlmGZQL2YS3yR8bIUA==}
    engines: {node: '>= 0.4'}

  event-target-shim@5.0.1:
    resolution: {integrity: sha512-i/2XbnSz/uxRCU6+NdVJgKWDTM427+MqYbkQzD321DuCQJUqOuJKIA0IM2+W2xtYHdKOmZ4dR6fExsd4SXL+WQ==}
    engines: {node: '>=6'}

  events@3.3.0:
    resolution: {integrity: sha512-mQw+2fkQbALzQ7V0MY0IqdnXNOeTtP4r0lN9z7AAawCXgqea7bDii20AYrIBrFd/Hx0M2Ocz6S111CaFkUcb0Q==}
    engines: {node: '>=0.8.x'}

  fast-xml-builder@1.2.0:
    resolution: {integrity: sha512-00aAWieqff+ZJhsXA4g1g7M8k+7AYoMUUHF+/zFb5U6Uv/P0Vl4QZo84/IcufzYalLuEj9928bXN9PbbFzMF0Q==}

  fast-xml-parser@5.7.3:
    resolution: {integrity: sha512-C0AaNuC+mscy6vrAQKAc/rMq+zAPHodfHGZu4sGVehvAQt/JLG1O5zEcYcXSY5zSqr4YVgxsB+pHXTq0i7eDlg==}
    hasBin: true

  form-data-encoder@4.1.0:
    resolution: {integrity: sha512-G6NsmEW15s0Uw9XnCg+33H3ViYRyiM0hMrMhhqQOR8NFc5GhYrI+6I3u7OTw7b91J2g8rtvMBZJDbcGb2YUniw==}
    engines: {node: '>= 18'}

  form-data@4.0.5:
    resolution: {integrity: sha512-8RipRLol37bNs2bhoV67fiTEvdTrbMUYcFTiy3+wuuOnUog2QBHCZWXDRijWQfAkhBj2Uf5UnVaiWwA5vdd82w==}
    engines: {node: '>= 6'}

  formdata-node@6.0.3:
    resolution: {integrity: sha512-8e1++BCiTzUno9v5IZ2J6bv4RU+3UKDmqWUQD0MIMVCd9AdhWkO1gw57oo1mNEX1dMq2EGI+FbWz4B92pscSQg==}
    engines: {node: '>= 18'}

  function-bind@1.1.2:
    resolution: {integrity: sha512-7XHNxH7qX9xG5mIwxkhumTox/MIRNcOgDrxWsMt2pAr23WHp6MrRlN7FBSFpCpr+oVO0F744iUgR82nJMfG2SA==}

  get-intrinsic@1.3.0:
    resolution: {integrity: sha512-9fSjSaos/fRIVIp+xSJlE6lfwhES7LNtKaCBIamHsjr2na1BiABJPo0mOjjz8GJDURarmCPGqaiVg5mfjb98CQ==}
    engines: {node: '>= 0.4'}

  get-proto@1.0.1:
    resolution: {integrity: sha512-sTSfBjoXBp89JvIKIefqw7U2CCebsc74kiY6awiGogKtoSGbgjYE/G/+l9sF3MWFPNc9IcoOC4ODfKHfxFmp0g==}
    engines: {node: '>= 0.4'}

  gopd@1.2.0:
    resolution: {integrity: sha512-ZUKRh6/kUFoAiTAtTYPZJ3hw9wNxx+BIBOijnlG9PnrJsCcSjs1wyyD6vJpaYtgnzDrKYRSqf3OO6Rfa93xsRg==}
    engines: {node: '>= 0.4'}

  has-symbols@1.1.0:
    resolution: {integrity: sha512-1cDNdwJ2Jaohmb3sg4OmKaMBwuC48sYni5HUw2DvsC8LjGTLK9h+eb1X6RyuOHe4hT0ULCW68iomhjUoKUqlPQ==}
    engines: {node: '>= 0.4'}

  has-tostringtag@1.0.2:
    resolution: {integrity: sha512-NqADB8VjPFLM2V0VvHUewwwsw0ZWBaIdgo+ieHtK3hasLz4qeCRjYcqfB6AQrBggRKppKF8L52/VqdVsO47Dlw==}
    engines: {node: '>= 0.4'}

  hasown@2.0.3:
    resolution: {integrity: sha512-ej4AhfhfL2Q2zpMmLo7U1Uv9+PyhIZpgQLGT1F9miIGmiCJIoCgSmczFdrc97mWT4kVY72KA+WnnhJ5pghSvSg==}
    engines: {node: '>= 0.4'}

  ieee754@1.2.1:
    resolution: {integrity: sha512-dcyqhDvX1C46lXZcVqCpK+FtMRQVdIMN6/Df5js2zouUsqG7I6sFxitIC+7KYK29KdXOLHdu9zL4sFnoVQnqaA==}

  js-base64@3.7.2:
    resolution: {integrity: sha512-NnRs6dsyqUXejqk/yv2aiXlAvOs56sLkX6nUdeaNezI5LFFLlsZjOThmwnrcwh5ZZRwZlCMnVAY3CvhIhoVEKQ==}

  lodash.clonedeep@4.5.0:
    resolution: {integrity: sha512-H5ZhCF25riFd9uB5UCkVKo61m3S/xZk1x4wA6yp/L3RFP6Z/eHH1ymQcGLo7J3GMPfm0V/7m1tryHuGVxpqEBQ==}

  math-intrinsics@1.1.0:
    resolution: {integrity: sha512-/IXtbwEk5HTPyEwyKX6hGkYXxM9nbj64B+ilVJnC/R6B0pH5G4V3b0pVbL7DBj4tkhBAppbQUlf6F6Xl9LHu1g==}
    engines: {node: '>= 0.4'}

  mime-db@1.52.0:
    resolution: {integrity: sha512-sPU4uV7dYlvtWJxwwxHD0PuihVNiE7TyAbQ5SWxDCB9mUYvOgroQOwYQQOKPJ8CIbE+1ETVlOoK1UC2nU3gYvg==}
    engines: {node: '>= 0.6'}

  mime-types@2.1.35:
    resolution: {integrity: sha512-ZDY+bPm5zTTF+YpCrAU9nK0UgICYPT0QtT1NZWFv4s++TNkcgVaT0g6+4R2uI4MjQjzysHB1zxuWL50hzaeXiw==}
    engines: {node: '>= 0.6'}

  node-fetch@2.7.0:
    resolution: {integrity: sha512-c4FRfUm/dbcWZ7U+1Wq0AwCyFL+3nt2bEw05wfxSz+DWpWsitgmSgYmy2dQdWyKC1694ELPqMs/YzUSNozLt8A==}
    engines: {node: 4.x || >=6.0.0}
    peerDependencies:
      encoding: ^0.1.0
    peerDependenciesMeta:
      encoding:
        optional: true

  object-inspect@1.13.4:
    resolution: {integrity: sha512-W67iLl4J2EXEGTbfeHCffrjDfitvLANg0UlX3wFUUSTx92KXRFegMHUVgSqE+wvhAbi4WqjGg9czysTV2Epbew==}
    engines: {node: '>= 0.4'}

  path-expression-matcher@1.5.0:
    resolution: {integrity: sha512-cbrerZV+6rvdQrrD+iGMcZFEiiSrbv9Tfdkvnusy6y0x0GKBXREFg/Y65GhIfm0tnLntThhzCnfKwp1WRjeCyQ==}
    engines: {node: '>=14.0.0'}

  process@0.11.10:
    resolution: {integrity: sha512-cdGef/drWFoydD1JsMzuFf8100nZl+GT+yacc2bEced5f9Rjk4z+WtFUTBu9PhOi9j/jfmBPu0mMEY4wIdAF8A==}
    engines: {node: '>= 0.6.0'}

  qs@6.15.2:
    resolution: {integrity: sha512-Rzq0KEyX/w/tEybncDgdkZrJgVUsUMk3xjh3t5bv3S1HTAtg+uOYt72+ZfwiQwKdysThkTBdL/rTi6HDmX9Ddw==}
    engines: {node: '>=0.6'}

  readable-stream@4.7.0:
    resolution: {integrity: sha512-oIGGmcpTLwPga8Bn6/Z75SVaH1z5dUut2ibSyAMVhmUggWpmDn2dapB0n7f8nwaSiRtepAsfJyfXIO5DCVAODg==}
    engines: {node: ^12.22.0 || ^14.17.0 || >=16.0.0}

  safe-buffer@5.2.1:
    resolution: {integrity: sha512-rp3So07KcdmmKbGvgaNxQSJr7bGVSVk5S9Eq1F+ppbRo70+YeaDxkw5Dd8NPN+GD6bjnYm2VuPuCXmpuYvmCXQ==}

  side-channel-list@1.0.1:
    resolution: {integrity: sha512-mjn/0bi/oUURjc5Xl7IaWi/OJJJumuoJFQJfDDyO46+hBWsfaVM65TBHq2eoZBhzl9EchxOijpkbRC8SVBQU0w==}
    engines: {node: '>= 0.4'}

  side-channel-map@1.0.1:
    resolution: {integrity: sha512-VCjCNfgMsby3tTdo02nbjtM/ewra6jPHmpThenkTYh8pG9ucZ/1P8So4u4FGBek/BjpOVsDCMoLA/iuBKIFXRA==}
    engines: {node: '>= 0.4'}

  side-channel-weakmap@1.0.2:
    resolution: {integrity: sha512-WPS/HvHQTYnHisLo9McqBHOJk2FkHO/tlpvldyrnem4aeQp4hai3gythswg6p01oSoTl58rcpiFAjF2br2Ak2A==}
    engines: {node: '>= 0.4'}

  side-channel@1.1.0:
    resolution: {integrity: sha512-ZX99e6tRweoUXqR+VBrslhda51Nh5MTQwou5tnUDgbtyM0dBgmhEDtWGP/xbKn6hqfPRHujUNwz5fy/wbbhnpw==}
    engines: {node: '>= 0.4'}

  string_decoder@1.3.0:
    resolution: {integrity: sha512-hkRX8U1WjJFd8LsDJ2yQ/wWWxaopEsABU1XfkM8A+j0+85JAGppt16cr1Whg6KIbb4okU6Mql6BOj+uup/wKeA==}

  strnum@2.3.0:
    resolution: {integrity: sha512-ums3KNd42PGyx5xaoVTO1mjU1bH3NpY4vsrVlnv9PNGqQj8wd7rJ6nEypLrJ7z5vxK5RP0yMLo6J/Gsm62DI5Q==}

  tr46@0.0.3:
    resolution: {integrity: sha512-N3WMsuqV66lT30CrXNbEjx4GEwlow3v6rr4mCcv6prnfwhS01rkgyFdjPNBYd9br7LpXV1+Emh01fHnq2Gdgrw==}

  tslib@1.14.1:
    resolution: {integrity: sha512-Xni35NKzjgMrwevysHTCArtLDpPvye8zV/0E4EyYn43P7/7qvQwPh9BGkHewbMulVntbigmcT7rdX3BNo9wRJg==}

  tslib@2.8.1:
    resolution: {integrity: sha512-oJFu94HQb+KVduSUQL7wnpmqnfmLsOA/nAh6b6EH0wCEoK0/mPeXU6c3wKDV83MkOuHPRHtSXKKU99IBazS/2w==}

  url-join@4.0.1:
    resolution: {integrity: sha512-jk1+QP6ZJqyOiuEI9AEWQfju/nB2Pw466kbA0LEZljHwKeMgd9WrAEgEGxjPDD2+TNbbb37rTyhEfrCXfuKXnA==}

  webidl-conversions@3.0.1:
    resolution: {integrity: sha512-2JAn3z8AR6rjK8Sm8orRC0h/bcl/DqL7tRPdGZ4I1CjdF+EaMLmYxBHyXuKL849eucPFhvBoxMsflfOb8kxaeQ==}

  whatwg-url@5.0.0:
    resolution: {integrity: sha512-saE57nupxk6v3HY35+jzBwYa0rKSy0XR8JSxZPwgLr7ys0IBzhGviA1/TUGJLmSVqs8pb9AnvICXEuOHLprYTw==}

  xml-naming@0.1.0:
    resolution: {integrity: sha512-k8KO9hrMyNk6tUWqUfkTEZbezRRpONVOzUTnc97VnCvyj6Tf9lyUR9EDAIeiVLv56jsMcoXEwjW8Kv5yPY52lw==}
    engines: {node: '>=16.0.0'}

  yargs-parser@20.2.9:
    resolution: {integrity: sha512-y11nGElTIV+CT3Zv9t7VKl+Q3hTQoT9a1Qzezhhl6Rp21gJ/IVTW7Z3y9EWXhuUBC2Shnf+DX0antecpAwSP8w==}
    engines: {node: '>=10'}

snapshots:

  '@aws-crypto/crc32@3.0.0':
    dependencies:
      '@aws-crypto/util': 3.0.0
      '@aws-sdk/types': 3.973.9
      tslib: 1.14.1

  '@aws-crypto/crc32@5.2.0':
    dependencies:
      '@aws-crypto/util': 5.2.0
      '@aws-sdk/types': 3.973.9
      tslib: 2.8.1

  '@aws-crypto/sha256-browser@5.2.0':
    dependencies:
      '@aws-crypto/sha256-js': 5.2.0
      '@aws-crypto/supports-web-crypto': 5.2.0
      '@aws-crypto/util': 5.2.0
      '@aws-sdk/types': 3.973.9
      '@aws-sdk/util-locate-window': 3.965.5
      '@smithy/util-utf8': 2.3.0
      tslib: 2.8.1

  '@aws-crypto/sha256-js@5.2.0':
    dependencies:
      '@aws-crypto/util': 5.2.0
      '@aws-sdk/types': 3.973.9
      tslib: 2.8.1

  '@aws-crypto/supports-web-crypto@5.2.0':
    dependencies:
      tslib: 2.8.1

  '@aws-crypto/util@3.0.0':
    dependencies:
      '@aws-sdk/types': 3.973.9
      '@aws-sdk/util-utf8-browser': 3.259.0
      tslib: 1.14.1

  '@aws-crypto/util@5.2.0':
    dependencies:
      '@aws-sdk/types': 3.973.9
      '@smithy/util-utf8': 2.3.0
      tslib: 2.8.1

  '@aws-sdk/client-cognito-identity@3.1054.0':
    dependencies:
      '@aws-crypto/sha256-browser': 5.2.0
      '@aws-crypto/sha256-js': 5.2.0
      '@aws-sdk/core': 3.974.14
      '@aws-sdk/credential-provider-node': 3.972.45
      '@aws-sdk/types': 3.973.9
      '@smithy/core': 3.24.4
      '@smithy/fetch-http-handler': 5.4.4
      '@smithy/node-http-handler': 4.7.4
      '@smithy/types': 4.14.2
      tslib: 2.8.1

  '@aws-sdk/client-sagemaker@3.1054.0':
    dependencies:
      '@aws-crypto/sha256-browser': 5.2.0
      '@aws-crypto/sha256-js': 5.2.0
      '@aws-sdk/core': 3.974.14
      '@aws-sdk/credential-provider-node': 3.972.45
      '@aws-sdk/types': 3.973.9
      '@smithy/core': 3.24.4
      '@smithy/fetch-http-handler': 5.4.4
      '@smithy/node-http-handler': 4.7.4
      '@smithy/types': 4.14.2
      tslib: 2.8.1

  '@aws-sdk/core@3.974.14':
    dependencies:
      '@aws-sdk/types': 3.973.9
      '@aws-sdk/xml-builder': 3.972.26
      '@aws/lambda-invoke-store': 0.2.4
      '@smithy/core': 3.24.4
      '@smithy/signature-v4': 5.4.4
      '@smithy/types': 4.14.2
      bowser: 2.14.1
      tslib: 2.8.1

  '@aws-sdk/credential-provider-cognito-identity@3.972.37':
    dependencies:
      '@aws-sdk/nested-clients': 3.997.12
      '@aws-sdk/types': 3.973.9
      '@smithy/core': 3.24.4
      '@smithy/types': 4.14.2
      tslib: 2.8.1

  '@aws-sdk/credential-provider-env@3.972.40':
    dependencies:
      '@aws-sdk/core': 3.974.14
      '@aws-sdk/types': 3.973.9
      '@smithy/core': 3.24.4
      '@smithy/types': 4.14.2
      tslib: 2.8.1

  '@aws-sdk/credential-provider-http@3.972.42':
    dependencies:
      '@aws-sdk/core': 3.974.14
      '@aws-sdk/types': 3.973.9
      '@smithy/core': 3.24.4
      '@smithy/fetch-http-handler': 5.4.4
      '@smithy/node-http-handler': 4.7.4
      '@smithy/types': 4.14.2
      tslib: 2.8.1

  '@aws-sdk/credential-provider-ini@3.972.44':
    dependencies:
      '@aws-sdk/core': 3.974.14
      '@aws-sdk/credential-provider-env': 3.972.40
      '@aws-sdk/credential-provider-http': 3.972.42
      '@aws-sdk/credential-provider-login': 3.972.44
      '@aws-sdk/credential-provider-process': 3.972.40
      '@aws-sdk/credential-provider-sso': 3.972.44
      '@aws-sdk/credential-provider-web-identity': 3.972.44
      '@aws-sdk/nested-clients': 3.997.12
      '@aws-sdk/types': 3.973.9
      '@smithy/core': 3.24.4
      '@smithy/credential-provider-imds': 4.3.4
      '@smithy/types': 4.14.2
      tslib: 2.8.1

  '@aws-sdk/credential-provider-login@3.972.44':
    dependencies:
      '@aws-sdk/core': 3.974.14
      '@aws-sdk/nested-clients': 3.997.12
      '@aws-sdk/types': 3.973.9
      '@smithy/core': 3.24.4
      '@smithy/types': 4.14.2
      tslib: 2.8.1

  '@aws-sdk/credential-provider-node@3.972.45':
    dependencies:
      '@aws-sdk/credential-provider-env': 3.972.40
      '@aws-sdk/credential-provider-http': 3.972.42
      '@aws-sdk/credential-provider-ini': 3.972.44
      '@aws-sdk/credential-provider-process': 3.972.40
      '@aws-sdk/credential-provider-sso': 3.972.44
      '@aws-sdk/credential-provider-web-identity': 3.972.44
      '@aws-sdk/types': 3.973.9
      '@smithy/core': 3.24.4
      '@smithy/credential-provider-imds': 4.3.4
      '@smithy/types': 4.14.2
      tslib: 2.8.1

  '@aws-sdk/credential-provider-process@3.972.40':
    dependencies:
      '@aws-sdk/core': 3.974.14
      '@aws-sdk/types': 3.973.9
      '@smithy/core': 3.24.4
      '@smithy/types': 4.14.2
      tslib: 2.8.1

  '@aws-sdk/credential-provider-sso@3.972.44':
    dependencies:
      '@aws-sdk/core': 3.974.14
      '@aws-sdk/nested-clients': 3.997.12
      '@aws-sdk/token-providers': 3.1054.0
      '@aws-sdk/types': 3.973.9
      '@smithy/core': 3.24.4
      '@smithy/types': 4.14.2
      tslib: 2.8.1

  '@aws-sdk/credential-provider-web-identity@3.972.44':
    dependencies:
      '@aws-sdk/core': 3.974.14
      '@aws-sdk/nested-clients': 3.997.12
      '@aws-sdk/types': 3.973.9
      '@smithy/core': 3.24.4
      '@smithy/types': 4.14.2
      tslib: 2.8.1

  '@aws-sdk/credential-providers@3.1054.0':
    dependencies:
      '@aws-sdk/client-cognito-identity': 3.1054.0
      '@aws-sdk/core': 3.974.14
      '@aws-sdk/credential-provider-cognito-identity': 3.972.37
      '@aws-sdk/credential-provider-env': 3.972.40
      '@aws-sdk/credential-provider-http': 3.972.42
      '@aws-sdk/credential-provider-ini': 3.972.44
      '@aws-sdk/credential-provider-login': 3.972.44
      '@aws-sdk/credential-provider-node': 3.972.45
      '@aws-sdk/credential-provider-process': 3.972.40
      '@aws-sdk/credential-provider-sso': 3.972.44
      '@aws-sdk/credential-provider-web-identity': 3.972.44
      '@aws-sdk/nested-clients': 3.997.12
      '@aws-sdk/types': 3.973.9
      '@smithy/core': 3.24.4
      '@smithy/credential-provider-imds': 4.3.4
      '@smithy/types': 4.14.2
      tslib: 2.8.1

  '@aws-sdk/nested-clients@3.997.12':
    dependencies:
      '@aws-crypto/sha256-browser': 5.2.0
      '@aws-crypto/sha256-js': 5.2.0
      '@aws-sdk/core': 3.974.14
      '@aws-sdk/signature-v4-multi-region': 3.996.29
      '@aws-sdk/types': 3.973.9
      '@smithy/core': 3.24.4
      '@smithy/fetch-http-handler': 5.4.4
      '@smithy/node-http-handler': 4.7.4
      '@smithy/types': 4.14.2
      tslib: 2.8.1

  '@aws-sdk/protocol-http@3.374.0':
    dependencies:
      '@smithy/protocol-http': 1.2.0
      tslib: 2.8.1

  '@aws-sdk/signature-v4-multi-region@3.996.29':
    dependencies:
      '@aws-sdk/types': 3.973.9
      '@smithy/signature-v4': 5.4.4
      '@smithy/types': 4.14.2
      tslib: 2.8.1

  '@aws-sdk/signature-v4@3.374.0':
    dependencies:
      '@smithy/signature-v4': 1.1.0
      tslib: 2.8.1

  '@aws-sdk/token-providers@3.1054.0':
    dependencies:
      '@aws-sdk/core': 3.974.14
      '@aws-sdk/nested-clients': 3.997.12
      '@aws-sdk/types': 3.973.9
      '@smithy/core': 3.24.4
      '@smithy/types': 4.14.2
      tslib: 2.8.1

  '@aws-sdk/types@3.973.9':
    dependencies:
      '@smithy/types': 4.14.2
      tslib: 2.8.1

  '@aws-sdk/util-locate-window@3.965.5':
    dependencies:
      tslib: 2.8.1

  '@aws-sdk/util-utf8-browser@3.259.0':
    dependencies:
      tslib: 2.8.1

  '@aws-sdk/xml-builder@3.972.26':
    dependencies:
      '@smithy/types': 4.14.2
      fast-xml-parser: 5.7.3
      tslib: 2.8.1

  '@aws/lambda-invoke-store@0.2.4': {}

  '@nodable/entities@2.1.0': {}

  '@smithy/core@3.24.4':
    dependencies:
      '@aws-crypto/crc32': 5.2.0
      '@smithy/types': 4.14.2
      tslib: 2.8.1

  '@smithy/credential-provider-imds@4.3.4':
    dependencies:
      '@smithy/core': 3.24.4
      '@smithy/types': 4.14.2
      tslib: 2.8.1

  '@smithy/eventstream-codec@1.1.0':
    dependencies:
      '@aws-crypto/crc32': 3.0.0
      '@smithy/types': 1.2.0
      '@smithy/util-hex-encoding': 1.1.0
      tslib: 2.8.1

  '@smithy/fetch-http-handler@5.4.4':
    dependencies:
      '@smithy/core': 3.24.4
      '@smithy/types': 4.14.2
      tslib: 2.8.1

  '@smithy/is-array-buffer@1.1.0':
    dependencies:
      tslib: 2.8.1

  '@smithy/is-array-buffer@2.2.0':
    dependencies:
      tslib: 2.8.1

  '@smithy/node-http-handler@4.7.4':
    dependencies:
      '@smithy/core': 3.24.4
      '@smithy/types': 4.14.2
      tslib: 2.8.1

  '@smithy/protocol-http@1.2.0':
    dependencies:
      '@smithy/types': 1.2.0
      tslib: 2.8.1

  '@smithy/protocol-http@5.4.4':
    dependencies:
      '@smithy/core': 3.24.4
      tslib: 2.8.1

  '@smithy/signature-v4@1.1.0':
    dependencies:
      '@smithy/eventstream-codec': 1.1.0
      '@smithy/is-array-buffer': 1.1.0
      '@smithy/types': 1.2.0
      '@smithy/util-hex-encoding': 1.1.0
      '@smithy/util-middleware': 1.1.0
      '@smithy/util-uri-escape': 1.1.0
      '@smithy/util-utf8': 1.1.0
      tslib: 2.8.1

  '@smithy/signature-v4@5.4.4':
    dependencies:
      '@smithy/core': 3.24.4
      '@smithy/types': 4.14.2
      tslib: 2.8.1

  '@smithy/types@1.2.0':
    dependencies:
      tslib: 2.8.1

  '@smithy/types@4.14.2':
    dependencies:
      tslib: 2.8.1

  '@smithy/util-buffer-from@1.1.0':
    dependencies:
      '@smithy/is-array-buffer': 1.1.0
      tslib: 2.8.1

  '@smithy/util-buffer-from@2.2.0':
    dependencies:
      '@smithy/is-array-buffer': 2.2.0
      tslib: 2.8.1

  '@smithy/util-hex-encoding@1.1.0':
    dependencies:
      tslib: 2.8.1

  '@smithy/util-middleware@1.1.0':
    dependencies:
      tslib: 2.8.1

  '@smithy/util-uri-escape@1.1.0':
    dependencies:
      tslib: 2.8.1

  '@smithy/util-utf8@1.1.0':
    dependencies:
      '@smithy/util-buffer-from': 1.1.0
      tslib: 2.8.1

  '@smithy/util-utf8@2.3.0':
    dependencies:
      '@smithy/util-buffer-from': 2.2.0
      tslib: 2.8.1

  abort-controller@3.0.0:
    dependencies:
      event-target-shim: 5.0.1

  asynckit@0.4.0: {}

  base64-js@1.5.1: {}

  bowser@2.14.1: {}

  buffer@6.0.3:
    dependencies:
      base64-js: 1.5.1
      ieee754: 1.2.1

  call-bind-apply-helpers@1.0.2:
    dependencies:
      es-errors: 1.3.0
      function-bind: 1.1.2

  call-bound@1.0.4:
    dependencies:
      call-bind-apply-helpers: 1.0.2
      get-intrinsic: 1.3.0

  cohere-ai@7.14.0:
    dependencies:
      '@aws-sdk/client-sagemaker': 3.1054.0
      '@aws-sdk/credential-providers': 3.1054.0
      '@aws-sdk/protocol-http': 3.374.0
      '@aws-sdk/signature-v4': 3.374.0
      form-data: 4.0.5
      form-data-encoder: 4.1.0
      formdata-node: 6.0.3
      js-base64: 3.7.2
      node-fetch: 2.7.0
      qs: 6.15.2
      readable-stream: 4.7.0
      url-join: 4.0.1
    transitivePeerDependencies:
      - encoding

  cohere-ai@7.20.0:
    dependencies:
      '@aws-crypto/sha256-js': 5.2.0
      '@aws-sdk/client-sagemaker': 3.1054.0
      '@aws-sdk/credential-providers': 3.1054.0
      '@smithy/protocol-http': 5.4.4
      '@smithy/signature-v4': 5.4.4
      convict: 6.2.5
      form-data: 4.0.5
      form-data-encoder: 4.1.0
      formdata-node: 6.0.3
      readable-stream: 4.7.0

  cohere-ai@7.21.0:
    dependencies:
      '@aws-crypto/sha256-js': 5.2.0
      '@aws-sdk/client-sagemaker': 3.1054.0
      '@aws-sdk/credential-providers': 3.1054.0
      '@smithy/protocol-http': 5.4.4
      '@smithy/signature-v4': 5.4.4
      convict: 6.2.5
      form-data: 4.0.5
      form-data-encoder: 4.1.0
      formdata-node: 6.0.3
      readable-stream: 4.7.0

  cohere-ai@8.0.0(@aws-crypto/sha256-js@5.2.0)(@aws-sdk/credential-providers@3.1054.0)(@smithy/protocol-http@5.4.4)(@smithy/signature-v4@5.4.4):
    dependencies:
      convict: 6.2.5
      form-data: 4.0.5
      form-data-encoder: 4.1.0
      formdata-node: 6.0.3
      readable-stream: 4.7.0
    optionalDependencies:
      '@aws-crypto/sha256-js': 5.2.0
      '@aws-sdk/credential-providers': 3.1054.0
      '@smithy/protocol-http': 5.4.4
      '@smithy/signature-v4': 5.4.4

  combined-stream@1.0.8:
    dependencies:
      delayed-stream: 1.0.0

  convict@6.2.5:
    dependencies:
      lodash.clonedeep: 4.5.0
      yargs-parser: 20.2.9

  delayed-stream@1.0.0: {}

  dunder-proto@1.0.1:
    dependencies:
      call-bind-apply-helpers: 1.0.2
      es-errors: 1.3.0
      gopd: 1.2.0

  es-define-property@1.0.1: {}

  es-errors@1.3.0: {}

  es-object-atoms@1.1.2:
    dependencies:
      es-errors: 1.3.0

  es-set-tostringtag@2.1.0:
    dependencies:
      es-errors: 1.3.0
      get-intrinsic: 1.3.0
      has-tostringtag: 1.0.2
      hasown: 2.0.3

  event-target-shim@5.0.1: {}

  events@3.3.0: {}

  fast-xml-builder@1.2.0:
    dependencies:
      path-expression-matcher: 1.5.0
      xml-naming: 0.1.0

  fast-xml-parser@5.7.3:
    dependencies:
      '@nodable/entities': 2.1.0
      fast-xml-builder: 1.2.0
      path-expression-matcher: 1.5.0
      strnum: 2.3.0

  form-data-encoder@4.1.0: {}

  form-data@4.0.5:
    dependencies:
      asynckit: 0.4.0
      combined-stream: 1.0.8
      es-set-tostringtag: 2.1.0
      hasown: 2.0.3
      mime-types: 2.1.35

  formdata-node@6.0.3: {}

  function-bind@1.1.2: {}

  get-intrinsic@1.3.0:
    dependencies:
      call-bind-apply-helpers: 1.0.2
      es-define-property: 1.0.1
      es-errors: 1.3.0
      es-object-atoms: 1.1.2
      function-bind: 1.1.2
      get-proto: 1.0.1
      gopd: 1.2.0
      has-symbols: 1.1.0
      hasown: 2.0.3
      math-intrinsics: 1.1.0

  get-proto@1.0.1:
    dependencies:
      dunder-proto: 1.0.1
      es-object-atoms: 1.1.2

  gopd@1.2.0: {}

  has-symbols@1.1.0: {}

  has-tostringtag@1.0.2:
    dependencies:
      has-symbols: 1.1.0

  hasown@2.0.3:
    dependencies:
      function-bind: 1.1.2

  ieee754@1.2.1: {}

  js-base64@3.7.2: {}

  lodash.clonedeep@4.5.0: {}

  math-intrinsics@1.1.0: {}

  mime-db@1.52.0: {}

  mime-types@2.1.35:
    dependencies:
      mime-db: 1.52.0

  node-fetch@2.7.0:
    dependencies:
      whatwg-url: 5.0.0

  object-inspect@1.13.4: {}

  path-expression-matcher@1.5.0: {}

  process@0.11.10: {}

  qs@6.15.2:
    dependencies:
      side-channel: 1.1.0

  readable-stream@4.7.0:
    dependencies:
      abort-controller: 3.0.0
      buffer: 6.0.3
      events: 3.3.0
      process: 0.11.10
      string_decoder: 1.3.0

  safe-buffer@5.2.1: {}

  side-channel-list@1.0.1:
    dependencies:
      es-errors: 1.3.0
      object-inspect: 1.13.4

  side-channel-map@1.0.1:
    dependencies:
      call-bound: 1.0.4
      es-errors: 1.3.0
      get-intrinsic: 1.3.0
      object-inspect: 1.13.4

  side-channel-weakmap@1.0.2:
    dependencies:
      call-bound: 1.0.4
      es-errors: 1.3.0
      get-intrinsic: 1.3.0
      object-inspect: 1.13.4
      side-channel-map: 1.0.1

  side-channel@1.1.0:
    dependencies:
      es-errors: 1.3.0
      object-inspect: 1.13.4
      side-channel-list: 1.0.1
      side-channel-map: 1.0.1
      side-channel-weakmap: 1.0.2

  string_decoder@1.3.0:
    dependencies:
      safe-buffer: 5.2.1

  strnum@2.3.0: {}

  tr46@0.0.3: {}

  tslib@1.14.1: {}

  tslib@2.8.1: {}

  url-join@4.0.1: {}

  webidl-conversions@3.0.1: {}

  whatwg-url@5.0.0:
    dependencies:
      tr46: 0.0.3
      webidl-conversions: 3.0.1

  xml-naming@0.1.0: {}

  yargs-parser@20.2.9: {}
