lockfileVersion: '9.0'

settings:
  autoInstallPeers: true
  excludeLinksFromLockfile: false

importers:

  .:
    dependencies:
      '@openrouter/sdk':
        specifier: 0.12.3
        version: 0.12.3
      openrouter-sdk-v0911:
        specifier: npm:@openrouter/sdk@0.9.11
        version: '@openrouter/sdk@0.9.11'
      zod:
        specifier: 4.1.11
        version: 4.1.11

packages:

  '@openrouter/sdk@0.12.3':
    resolution: {integrity: sha512-qpzxyNS3ikz7BQ4vDvSlheJ33oM/34l103M1+k1E9yjOmXK5abz5LHCLNhOEmbLNg4MvZG9rg7TPLsGgREe0Ow==}

  '@openrouter/sdk@0.9.11':
    resolution: {integrity: sha512-BgFu6NcIJO4a9aVjr04y3kZ8pyM71j15I+bzfVAGEvxnj+KQNIkBYQGgwrG3D+aT1QpDKLki8btcQmpaxUas6A==}

  zod@4.1.11:
    resolution: {integrity: sha512-WPsqwxITS2tzx1bzhIKsEs19ABD5vmCVa4xBo2tq/SrV4RNZtfws1EnCWQXM6yh8bD08a1idvkB5MZSBiZsjwg==}

snapshots:

  '@openrouter/sdk@0.12.3':
    dependencies:
      zod: 4.1.11

  '@openrouter/sdk@0.9.11':
    dependencies:
      zod: 4.1.11

  zod@4.1.11: {}
