lockfileVersion: '9.0'

settings:
  autoInstallPeers: true
  excludeLinksFromLockfile: false

importers:

  .:
    dependencies:
      openrouter-sdk-v0:
        specifier: npm:@openrouter/sdk@0.9.11
        version: '@openrouter/sdk@0.9.11'
      openrouter-sdk-v0-latest:
        specifier: npm:@openrouter/sdk@0.13.67
        version: '@openrouter/sdk@0.13.67'
      openrouter-sdk-v1:
        specifier: npm:@openrouter/sdk@1.0.0
        version: '@openrouter/sdk@1.0.0'
      openrouter-sdk-v1-latest:
        specifier: npm:@openrouter/sdk@1.2.2
        version: '@openrouter/sdk@1.2.2'
      zod:
        specifier: 4.1.11
        version: 4.1.11

packages:

  '@openrouter/sdk@0.13.67':
    resolution: {integrity: sha512-kUVaFYA9Xehq67ndTk98i+tRLfYH/F6xSf/WuC8dsukBzcgBvYQydoeKw4Xe+peXG/wOVtDxukWt5SqzhbloKw==}

  '@openrouter/sdk@0.9.11':
    resolution: {integrity: sha512-BgFu6NcIJO4a9aVjr04y3kZ8pyM71j15I+bzfVAGEvxnj+KQNIkBYQGgwrG3D+aT1QpDKLki8btcQmpaxUas6A==}

  '@openrouter/sdk@1.0.0':
    resolution: {integrity: sha512-FTZg35yWnNUjMCGrjBbsGw9WJhnleAWyJlON4ZQ7pxOKsqBrZo7Zzmc3OoJQFQ+39bsIcKMf3wRNNC9KLjihrw==}

  '@openrouter/sdk@1.2.2':
    resolution: {integrity: sha512-UQPK6WhGJTm5kgJ4fWmktHUhP9MvhMtWVm5alUmL6wPfk9CQ5+e2uwmAdVeoCqtVJfYkr3uMejzQL1AsvfnyOw==}

  zod@4.1.11:
    resolution: {integrity: sha512-WPsqwxITS2tzx1bzhIKsEs19ABD5vmCVa4xBo2tq/SrV4RNZtfws1EnCWQXM6yh8bD08a1idvkB5MZSBiZsjwg==}

snapshots:

  '@openrouter/sdk@0.13.67':
    dependencies:
      zod: 4.1.11

  '@openrouter/sdk@0.9.11':
    dependencies:
      zod: 4.1.11

  '@openrouter/sdk@1.0.0':
    dependencies:
      zod: 4.1.11

  '@openrouter/sdk@1.2.2':
    dependencies:
      zod: 4.1.11

  zod@4.1.11: {}
