lockfileVersion: '9.0'

settings:
  autoInstallPeers: true
  excludeLinksFromLockfile: false

importers:

  .:
    dependencies:
      openai-codex-sdk-v0-latest:
        specifier: npm:@openai/codex-sdk@0.142.5
        version: '@openai/codex-sdk@0.142.5'
      openai-codex-sdk-v0:
        specifier: npm:@openai/codex-sdk@0.142.5
        version: '@openai/codex-sdk@0.142.5'

packages:

  '@openai/codex-sdk@0.142.5':
    resolution: {integrity: sha512-MConZ+eoBoZmkc4reezuzOgLtoI1BQBzo/nVYsSjtAIBpwKcgeEm1rfmqfUnTfFaBNHFTxBntcS7ZeQYuDPbWA==}
    engines: {node: '>=18'}

  '@openai/codex@0.142.5':
    resolution: {integrity: sha512-WQEpD7l3k68eIAP0aq28EdR18ENBAf8DyprzFhzNwCOQJSv4nHzpwT8Fl30IJacprko2ZCmUBZjM2u941l2yLw==}
    engines: {node: '>=16'}
    hasBin: true

  '@openai/codex@0.142.5-darwin-arm64':
    resolution: {integrity: sha512-l43p8xv+Z/2/b6fCUc7/FmcQZsaPB7RFizLponGwHAnFOWe3i9Vky69p+up3BUam9AetoQQUv7Mo+2KdaFEqhA==}
    engines: {node: '>=16'}
    cpu: [arm64]
    os: [darwin]

  '@openai/codex@0.142.5-darwin-x64':
    resolution: {integrity: sha512-yk6A06/VmW7NFsa48OVPaj//g/zeSpd79wjuqfXZwW8ZKRYQm3+wCd3hWjPl79F3QnXvDvM2j3JMIBL3m3GXXg==}
    engines: {node: '>=16'}
    cpu: [x64]
    os: [darwin]

  '@openai/codex@0.142.5-linux-arm64':
    resolution: {integrity: sha512-77ka5PSnm5HdxdBT99IwntCasmbqevlS0eiC0AtEb6ZXCLkim2gm0AWm+jNYy0EhbssvNK+KghayWo34HMgXeA==}
    engines: {node: '>=16'}
    cpu: [arm64]
    os: [linux]

  '@openai/codex@0.142.5-linux-x64':
    resolution: {integrity: sha512-pxY+d3NgNE57Y/MApD3/TZUAygxJN6I9h3ZeDUwe67mxWjUxsuapxMRFTKSznCalYbRAeZp752+AAXmUbmguEg==}
    engines: {node: '>=16'}
    cpu: [x64]
    os: [linux]

  '@openai/codex@0.142.5-win32-arm64':
    resolution: {integrity: sha512-65BEqGbUZ7r0ayunIHdBjo5crwgbwKX/6puOcO+VCswUw/dXvDsN2IGcbXB52+bS9U5+FxP783cUHfTT6m40DQ==}
    engines: {node: '>=16'}
    cpu: [arm64]
    os: [win32]

  '@openai/codex@0.142.5-win32-x64':
    resolution: {integrity: sha512-a+wI4PEx9a2fg6V5ueTTDkOkr1XpEvA5RFXIbo/L2hOfzMmGtyRnbG24bCGu5Q2RSgVxSQV0aLkdb3vdYMNH9A==}
    engines: {node: '>=16'}
    cpu: [x64]
    os: [win32]

snapshots:

  '@openai/codex-sdk@0.142.5':
    dependencies:
      '@openai/codex': 0.142.5

  '@openai/codex@0.142.5':
    optionalDependencies:
      '@openai/codex-darwin-arm64': '@openai/codex@0.142.5-darwin-arm64'
      '@openai/codex-darwin-x64': '@openai/codex@0.142.5-darwin-x64'
      '@openai/codex-linux-arm64': '@openai/codex@0.142.5-linux-arm64'
      '@openai/codex-linux-x64': '@openai/codex@0.142.5-linux-x64'
      '@openai/codex-win32-arm64': '@openai/codex@0.142.5-win32-arm64'
      '@openai/codex-win32-x64': '@openai/codex@0.142.5-win32-x64'

  '@openai/codex@0.142.5-darwin-arm64':
    optional: true

  '@openai/codex@0.142.5-darwin-x64':
    optional: true

  '@openai/codex@0.142.5-linux-arm64':
    optional: true

  '@openai/codex@0.142.5-linux-x64':
    optional: true

  '@openai/codex@0.142.5-win32-arm64':
    optional: true

  '@openai/codex@0.142.5-win32-x64':
    optional: true
