lockfileVersion: '9.0'

settings:
  autoInstallPeers: true
  excludeLinksFromLockfile: false

importers:

  .:
    dependencies:
      groq-sdk-v1:
        specifier: npm:groq-sdk@1.1.2
        version: groq-sdk@1.1.2
      groq-sdk-v1-latest:
        specifier: npm:groq-sdk@1.5.0
        version: groq-sdk@1.5.0

packages:

  groq-sdk@1.1.2:
    resolution: {integrity: sha512-CZO0XUQQDhn43ri1+lZHxZKpb+bGutgTvFmCJtooexiitGmPqhm1hntOT3nCoaq07e+OpeokVnfUs0i/oQuUaQ==}
    hasBin: true

  groq-sdk@1.5.0:
    resolution: {integrity: sha512-aa5yaMVd8kehBacU3Pp7roObOuPksZNau+nPW+GDDB7OV/8jybVzeeOv54lZj8owNNIc3a7Tu2eYI7/kIwtMNw==}
    hasBin: true

snapshots:

  groq-sdk@1.1.2: {}

  groq-sdk@1.5.0: {}
